{
  "name": "example",
  "version": "1.0.0",
  "lockfileVersion": 3,
  "requires": true,
  "packages": {
    "": {
      "name": "example",
      "version": "1.0.0",
      "license": "ISC",
      "dependencies": {
        "mines": "git+ssh://git@github.com/raquelhortab/mines.git"
      }
    },
    "node_modules/lodash": {
      "version": "4.17.21",
      "resolved": "https://registry.npmjs.org/lodash/-/lodash-4.17.21.tgz",
      "integrity": "sha512-v2kDEe57lecTulaDIuNTPy3Ry4gLGJ6Z1O3vE1krgXZNrsQ+LFTGHVxVjcXPs17LhbZVGedAJv8XZ1tvj5FvSg==",
      "license": "MIT"
    },
    "node_modules/mines": {
      "version": "1.1.3",
      "resolved": "git+ssh://git@github.com/raquelhortab/mines.git#9545e62e57701336fdc5bbb8268f029631b25495",
      "license": "ISC",
      "dependencies": {
        "lodash": "^4.13.1"
      }
    }
  }
}
